
Microsoft Visual Studio Solution File, Format Version 12.00
# Visual Studio Version 16
VisualStudioVersion = 16.0.30104.148
MinimumVisualStudioVersion = 10.0.40219.1
Project("{FAE04EC0-301F-11D3-BF4B-00C04F79EFBC}") = "PetInsurance-Site", "PetInsurance-Site\PetInsurance-Site.csproj", "{6032484A-1FDE-497F-BDC6-1157A3C43673}"
EndProject
Project("{FAE04EC0-301F-11D3-BF4B-00C04F79EFBC}") = "EmailService", "EmailService\EmailService.csproj", "{F5A71434-F154-45D0-A66C-58FF3A1992AC}"
EndProject
Project("{FAE04EC0-301F-11D3-BF4B-00C04F79EFBC}") = "PetInsurance.Entities", "PetInsurance.Entities\PetInsurance.Entities.csproj", "{3F7E515C-4823-4D3B-92C6-A9A866EC85C5}"
EndProject
Project("{FAE04EC0-301F-11D3-BF4B-00C04F79EFBC}") = "PetInsurance.DataAccessLayer", "PetInsurance.DataAccessLayer\PetInsurance.DataAccessLayer.csproj", "{34111FED-98A1-49FA-B4D1-A4193AA2A87A}"
EndProject
Project("{FAE04EC0-301F-11D3-BF4B-00C04F79EFBC}") = "PetInsurance.Common", "PetInsurance.Common\PetInsurance.Common.csproj", "{DD5DE321-7040-4C18-8639-DD427E56CD5B}"
EndProject
Global
	GlobalSection(SolutionConfigurationPlatforms) = preSolution
		Debug|Any CPU = Debug|Any CPU
		Release|Any CPU = Release|Any CPU
	EndGlobalSection
	GlobalSection(ProjectConfigurationPlatforms) = postSolution
		{6032484A-1FDE-497F-BDC6-1157A3C43673}.Debug|Any CPU.ActiveCfg = Debug|Any CPU
		{6032484A-1FDE-497F-BDC6-1157A3C43673}.Debug|Any CPU.Build.0 = Debug|Any CPU
		{6032484A-1FDE-497F-BDC6-1157A3C43673}.Release|Any CPU.ActiveCfg = Release|Any CPU
		{6032484A-1FDE-497F-BDC6-1157A3C43673}.Release|Any CPU.Build.0 = Release|Any CPU
		{F5A71434-F154-45D0-A66C-58FF3A1992AC}.Debug|Any CPU.ActiveCfg = Debug|Any CPU
		{F5A71434-F154-45D0-A66C-58FF3A1992AC}.Debug|Any CPU.Build.0 = Debug|Any CPU
		{F5A71434-F154-45D0-A66C-58FF3A1992AC}.Release|Any CPU.ActiveCfg = Release|Any CPU
		{F5A71434-F154-45D0-A66C-58FF3A1992AC}.Release|Any CPU.Build.0 = Release|Any CPU
		{3F7E515C-4823-4D3B-92C6-A9A866EC85C5}.Debug|Any CPU.ActiveCfg = Debug|Any CPU
		{3F7E515C-4823-4D3B-92C6-A9A866EC85C5}.Debug|Any CPU.Build.0 = Debug|Any CPU
		{3F7E515C-4823-4D3B-92C6-A9A866EC85C5}.Release|Any CPU.ActiveCfg = Release|Any CPU
		{3F7E515C-4823-4D3B-92C6-A9A866EC85C5}.Release|Any CPU.Build.0 = Release|Any CPU
		{34111FED-98A1-49FA-B4D1-A4193AA2A87A}.Debug|Any CPU.ActiveCfg = Debug|Any CPU
		{34111FED-98A1-49FA-B4D1-A4193AA2A87A}.Debug|Any CPU.Build.0 = Debug|Any CPU
		{34111FED-98A1-49FA-B4D1-A4193AA2A87A}.Release|Any CPU.ActiveCfg = Release|Any CPU
		{34111FED-98A1-49FA-B4D1-A4193AA2A87A}.Release|Any CPU.Build.0 = Release|Any CPU
		{DD5DE321-7040-4C18-8639-DD427E56CD5B}.Debug|Any CPU.ActiveCfg = Debug|Any CPU
		{DD5DE321-7040-4C18-8639-DD427E56CD5B}.Debug|Any CPU.Build.0 = Debug|Any CPU
		{DD5DE321-7040-4C18-8639-DD427E56CD5B}.Release|Any CPU.ActiveCfg = Release|Any CPU
		{DD5DE321-7040-4C18-8639-DD427E56CD5B}.Release|Any CPU.Build.0 = Release|Any CPU
	EndGlobalSection
	GlobalSection(SolutionProperties) = preSolution
		HideSolutionNode = FALSE
	EndGlobalSection
	GlobalSection(ExtensibilityGlobals) = postSolution
		SolutionGuid = {75C2B5DC-59FB-4C7C-B7A8-D3EAE594861E}
	EndGlobalSection
EndGlobal
